
Microsoft Visual Studio Solution File, Format Version 12.00
# Visual Studio Version 16
VisualStudioVersion = 16.0.31613.86
MinimumVisualStudioVersion = 10.0.40219.1
Project("{FAE04EC0-301F-11D3-BF4B-00C04F79EFBC}") = "MazeRandomGenerator", "MazeRandomGenerator.csproj", "{4C71F489-AA0C-4058-90BE-5550B0D4C77F}"
EndProject
Global
	GlobalSection(SolutionConfigurationPlatforms) = preSolution
		Debug|Any CPU = Debug|Any CPU
		Release|Any CPU = Release|Any CPU
	EndGlobalSection
	GlobalSection(ProjectConfigurationPlatforms) = postSolution
		{4C71F489-AA0C-4058-90BE-5550B0D4C77F}.Debug|Any CPU.ActiveCfg = Debug|Any CPU
		{4C71F489-AA0C-4058-90BE-5550B0D4C77F}.Debug|Any CPU.Build.0 = Debug|Any CPU
		{4C71F489-AA0C-4058-90BE-5550B0D4C77F}.Release|Any CPU.ActiveCfg = Release|Any CPU
		{4C71F489-AA0C-4058-90BE-5550B0D4C77F}.Release|Any CPU.Build.0 = Release|Any CPU
	EndGlobalSection
	GlobalSection(SolutionProperties) = preSolution
		HideSolutionNode = FALSE
	EndGlobalSection
	GlobalSection(ExtensibilityGlobals) = postSolution
		SolutionGuid = {7B4EFDA6-4D4E-46BE-91E1-94AAABAAA69E}
	EndGlobalSection
EndGlobal
